// !$*UTF8*$!
{
	archiveVersion = 1;
	classes = {
	};
	objectVersion = 56;
	objects = {

/* Begin PBXBuildFile section */
		4997DA3C2A3C3B6200A377A9 /* AppDelegate.swift in Sources */ = {isa = PBXBuildFile; fileRef = 4997DA3B2A3C3B6200A377A9 /* AppDelegate.swift */; };
		4997DA3E2A3C3B6200A377A9 /* GameScene.sks in Resources */ = {isa = PBXBuildFile; fileRef = 4997DA3D2A3C3B6200A377A9 /* GameScene.sks */; };
		4997DA402A3C3B6200A377A9 /* Actions.sks in Resources */ = {isa = PBXBuildFile; fileRef = 4997DA3F2A3C3B6200A377A9 /* Actions.sks */; };
		4997DA422A3C3B6200A377A9 /* GameScene.swift in Sources */ = {isa = PBXBuildFile; fileRef = 4997DA412A3C3B6200A377A9 /* GameScene.swift */; };
		4997DA442A3C3B6200A377A9 /* ViewController.swift in Sources */ = {isa = PBXBuildFile; fileRef = 4997DA432A3C3B6200A377A9 /* ViewController.swift */; };
		4997DA462A3C3B6300A377A9 /* Assets.xcassets in Resources */ = {isa = PBXBuildFile; fileRef = 4997DA452A3C3B6300A377A9 /* Assets.xcassets */; };
		4997DA492A3C3B6300A377A9 /* Main.storyboard in Resources */ = {isa = PBXBuildFile; fileRef = 4997DA472A3C3B6300A377A9 /* Main.storyboard */; };
		FA3669802A40970F00B451DA /* MazeTileSet.sks in Resources */ = {isa = PBXBuildFile; fileRef = FA36697F2A40970F00B451DA /* MazeTileSet.sks */; };
		FAA4A8722A40A53B00A820AA /* GeometryComponent.swift in Sources */ = {isa = PBXBuildFile; fileRef = FAA4A8712A40A53B00A820AA /* GeometryComponent.swift */; };
		FAA4A8742A40A5F100A820AA /* PlayerControllerComponent.swift in Sources */ = {isa = PBXBuildFile; fileRef = FAA4A8732A40A5F100A820AA /* PlayerControllerComponent.swift */; };
		FAA4A8792A4169BB00A820AA /* CharEntity.swift in Sources */ = {isa = PBXBuildFile; fileRef = FAA4A8782A4169BB00A820AA /* CharEntity.swift */; };
		FAA4A87B2A4184D200A820AA /* CharacterNode.swift in Sources */ = {isa = PBXBuildFile; fileRef = FAA4A87A2A4184D200A820AA /* CharacterNode.swift */; };
		FAA4A87F2A41F62400A820AA /* TriggerEntity.swift in Sources */ = {isa = PBXBuildFile; fileRef = FAA4A87E2A41F62400A820AA /* TriggerEntity.swift */; };
		FAA4A8812A41F7D100A820AA /* TriggerNode.swift in Sources */ = {isa = PBXBuildFile; fileRef = FAA4A8802A41F7D100A820AA /* TriggerNode.swift */; };
/* End PBXBuildFile section */

/* Begin PBXFileReference section */
		4997DA382A3C3B6200A377A9 /* NethersTrap.app */ = {isa = PBXFileReference; explicitFileType = wrapper.application; includeInIndex = 0; path = NethersTrap.app; sourceTree = BUILT_PRODUCTS_DIR; };
		4997DA3B2A3C3B6200A377A9 /* AppDelegate.swift */ = {isa = PBXFileReference; lastKnownFileType = sourcecode.swift; path = AppDelegate.swift; sourceTree = "<group>"; };
		4997DA3D2A3C3B6200A377A9 /* GameScene.sks */ = {isa = PBXFileReference; lastKnownFileType = file.sks; path = GameScene.sks; sourceTree = "<group>"; };
		4997DA3F2A3C3B6200A377A9 /* Actions.sks */ = {isa = PBXFileReference; lastKnownFileType = file.sks; path = Actions.sks; sourceTree = "<group>"; };
		4997DA412A3C3B6200A377A9 /* GameScene.swift */ = {isa = PBXFileReference; lastKnownFileType = sourcecode.swift; path = GameScene.swift; sourceTree = "<group>"; };
		4997DA432A3C3B6200A377A9 /* ViewController.swift */ = {isa = PBXFileReference; lastKnownFileType = sourcecode.swift; path = ViewController.swift; sourceTree = "<group>"; };
		4997DA452A3C3B6300A377A9 /* Assets.xcassets */ = {isa = PBXFileReference; lastKnownFileType = folder.assetcatalog; path = Assets.xcassets; sourceTree = "<group>"; };
		4997DA482A3C3B6300A377A9 /* Base */ = {isa = PBXFileReference; lastKnownFileType = file.storyboard; name = Base; path = Base.lproj/Main.storyboard; sourceTree = "<group>"; };
		4997DA4A2A3C3B6300A377A9 /* NethersTrap.entitlements */ = {isa = PBXFileReference; lastKnownFileType = text.plist.entitlements; path = NethersTrap.entitlements; sourceTree = "<group>"; };
		E7A454252A4ACE640039C874 /* Info.plist */ = {isa = PBXFileReference; lastKnownFileType = text.plist; path = Info.plist; sourceTree = "<group>"; };
		FA36697F2A40970F00B451DA /* MazeTileSet.sks */ = {isa = PBXFileReference; lastKnownFileType = file.sks; path = MazeTileSet.sks; sourceTree = "<group>"; };
		FAA4A8712A40A53B00A820AA /* GeometryComponent.swift */ = {isa = PBXFileReference; lastKnownFileType = sourcecode.swift; path = GeometryComponent.swift; sourceTree = "<group>"; };
		FAA4A8732A40A5F100A820AA /* PlayerControllerComponent.swift */ = {isa = PBXFileReference; lastKnownFileType = sourcecode.swift; path = PlayerControllerComponent.swift; sourceTree = "<group>"; };
		FAA4A8782A4169BB00A820AA /* CharEntity.swift */ = {isa = PBXFileReference; lastKnownFileType = sourcecode.swift; path = CharEntity.swift; sourceTree = "<group>"; };
		FAA4A87A2A4184D200A820AA /* CharacterNode.swift */ = {isa = PBXFileReference; lastKnownFileType = sourcecode.swift; path = CharacterNode.swift; sourceTree = "<group>"; };
		FAA4A87E2A41F62400A820AA /* TriggerEntity.swift */ = {isa = PBXFileReference; lastKnownFileType = sourcecode.swift; path = TriggerEntity.swift; sourceTree = "<group>"; };
		FAA4A8802A41F7D100A820AA /* TriggerNode.swift */ = {isa = PBXFileReference; lastKnownFileType = sourcecode.swift; path = TriggerNode.swift; sourceTree = "<group>"; };
/* End PBXFileReference section */

/* Begin PBXFrameworksBuildPhase section */
		4997DA352A3C3B6200A377A9 /* Frameworks */ = {
			isa = PBXFrameworksBuildPhase;
			buildActionMask = 2147483647;
			files = (
			);
			runOnlyForDeploymentPostprocessing = 0;
		};
/* End PBXFrameworksBuildPhase section */

/* Begin PBXGroup section */
		4997DA2F2A3C3B6200A377A9 = {
			isa = PBXGroup;
			children = (
				4997DA3A2A3C3B6200A377A9 /* NethersTrap */,
				4997DA392A3C3B6200A377A9 /* Products */,
			);
			sourceTree = "<group>";
		};
		4997DA392A3C3B6200A377A9 /* Products */ = {
			isa = PBXGroup;
			children = (
				4997DA382A3C3B6200A377A9 /* NethersTrap.app */,
			);
			name = Products;
			sourceTree = "<group>";
		};
		4997DA3A2A3C3B6200A377A9 /* NethersTrap */ = {
			isa = PBXGroup;
			children = (
				E7A454252A4ACE640039C874 /* Info.plist */,
				FAA4A8842A41FFA700A820AA /* Component */,
				FAA4A8832A41FF9700A820AA /* Node */,
				FAA4A8822A41FF8D00A820AA /* Entity */,
				4997DA3B2A3C3B6200A377A9 /* AppDelegate.swift */,
				4997DA3D2A3C3B6200A377A9 /* GameScene.sks */,
				4997DA3F2A3C3B6200A377A9 /* Actions.sks */,
				4997DA412A3C3B6200A377A9 /* GameScene.swift */,
				4997DA432A3C3B6200A377A9 /* ViewController.swift */,
				4997DA452A3C3B6300A377A9 /* Assets.xcassets */,
				4997DA472A3C3B6300A377A9 /* Main.storyboard */,
				4997DA4A2A3C3B6300A377A9 /* NethersTrap.entitlements */,
				FA36697F2A40970F00B451DA /* MazeTileSet.sks */,
			);
			path = NethersTrap;
			sourceTree = "<group>";
		};
		FAA4A8822A41FF8D00A820AA /* Entity */ = {
			isa = PBXGroup;
			children = (
				FAA4A8782A4169BB00A820AA /* CharEntity.swift */,
				FAA4A87E2A41F62400A820AA /* TriggerEntity.swift */,
			);
			path = Entity;
			sourceTree = "<group>";
		};
		FAA4A8832A41FF9700A820AA /* Node */ = {
			isa = PBXGroup;
			children = (
				FAA4A87A2A4184D200A820AA /* CharacterNode.swift */,
				FAA4A8802A41F7D100A820AA /* TriggerNode.swift */,
			);
			path = Node;
			sourceTree = "<group>";
		};
		FAA4A8842A41FFA700A820AA /* Component */ = {
			isa = PBXGroup;
			children = (
				FAA4A8712A40A53B00A820AA /* GeometryComponent.swift */,
				FAA4A8732A40A5F100A820AA /* PlayerControllerComponent.swift */,
			);
			path = Component;
			sourceTree = "<group>";
		};
/* End PBXGroup section */

/* Begin PBXNativeTarget section */
		4997DA372A3C3B6200A377A9 /* NethersTrap */ = {
			isa = PBXNativeTarget;
			buildConfigurationList = 4997DA4D2A3C3B6300A377A9 /* Build configuration list for PBXNativeTarget "NethersTrap" */;
			buildPhases = (
				4997DA342A3C3B6200A377A9 /* Sources */,
				4997DA352A3C3B6200A377A9 /* Frameworks */,
				4997DA362A3C3B6200A377A9 /* Resources */,
			);
			buildRules = (
			);
			dependencies = (
			);
			name = NethersTrap;
			productName = NethersTrap;
			productReference = 4997DA382A3C3B6200A377A9 /* NethersTrap.app */;
			productType = "com.apple.product-type.application";
		};
/* End PBXNativeTarget section */

/* Begin PBXProject section */
		4997DA302A3C3B6200A377A9 /* Project object */ = {
			isa = PBXProject;
			attributes = {
				BuildIndependentTargetsInParallel = 1;
				LastSwiftUpdateCheck = 1430;
				LastUpgradeCheck = 1430;
				TargetAttributes = {
					4997DA372A3C3B6200A377A9 = {
						CreatedOnToolsVersion = 14.3.1;
					};
				};
			};
			buildConfigurationList = 4997DA332A3C3B6200A377A9 /* Build configuration list for PBXProject "NethersTrap" */;
			compatibilityVersion = "Xcode 14.0";
			developmentRegion = en;
			hasScannedForEncodings = 0;
			knownRegions = (
				en,
				Base,
			);
			mainGroup = 4997DA2F2A3C3B6200A377A9;
			productRefGroup = 4997DA392A3C3B6200A377A9 /* Products */;
			projectDirPath = "";
			projectRoot = "";
			targets = (
				4997DA372A3C3B6200A377A9 /* NethersTrap */,
			);
		};
/* End PBXProject section */

/* Begin PBXResourcesBuildPhase section */
		4997DA362A3C3B6200A377A9 /* Resources */ = {
			isa = PBXResourcesBuildPhase;
			buildActionMask = 2147483647;
			files = (
				FA3669802A40970F00B451DA /* MazeTileSet.sks in Resources */,
				4997DA3E2A3C3B6200A377A9 /* GameScene.sks in Resources */,
				4997DA462A3C3B6300A377A9 /* Assets.xcassets in Resources */,
				4997DA402A3C3B6200A377A9 /* Actions.sks in Resources */,
				4997DA492A3C3B6300A377A9 /* Main.storyboard in Resources */,
			);
			runOnlyForDeploymentPostprocessing = 0;
		};
/* End PBXResourcesBuildPhase section */

/* Begin PBXSourcesBuildPhase section */
		4997DA342A3C3B6200A377A9 /* Sources */ = {
			isa = PBXSourcesBuildPhase;
			buildActionMask = 2147483647;
			files = (
				4997DA442A3C3B6200A377A9 /* ViewController.swift in Sources */,
				FAA4A87B2A4184D200A820AA /* CharacterNode.swift in Sources */,
				FAA4A8722A40A53B00A820AA /* GeometryComponent.swift in Sources */,
				FAA4A8792A4169BB00A820AA /* CharEntity.swift in Sources */,
				4997DA422A3C3B6200A377A9 /* GameScene.swift in Sources */,
				FAA4A8742A40A5F100A820AA /* PlayerControllerComponent.swift in Sources */,
				4997DA3C2A3C3B6200A377A9 /* AppDelegate.swift in Sources */,
				FAA4A8812A41F7D100A820AA /* TriggerNode.swift in Sources */,
				FAA4A87F2A41F62400A820AA /* TriggerEntity.swift in Sources */,
			);
			runOnlyForDeploymentPostprocessing = 0;
		};
/* End PBXSourcesBuildPhase section */

/* Begin PBXVariantGroup section */
		4997DA472A3C3B6300A377A9 /* Main.storyboard */ = {
			isa = PBXVariantGroup;
			children = (
				4997DA482A3C3B6300A377A9 /* Base */,
			);
			name = Main.storyboard;
			sourceTree = "<group>";
		};
/* End PBXVariantGroup section */

/* Begin XCBuildConfiguration section */
		4997DA4B2A3C3B6300A377A9 /* Debug */ = {
			isa = XCBuildConfiguration;
			buildSettings = {
				ALWAYS_SEARCH_USER_PATHS = NO;
				CLANG_ANALYZER_NONNULL = YES;
				CLANG_ANALYZER_NUMBER_OBJECT_CONVERSION = YES_AGGRESSIVE;
				CLANG_CXX_LANGUAGE_STANDARD = "gnu++20";
				CLANG_ENABLE_MODULES = YES;
				CLANG_ENABLE_OBJC_ARC = YES;
				CLANG_ENABLE_OBJC_WEAK = YES;
				CLANG_WARN_BLOCK_CAPTURE_AUTORELEASING = YES;
				CLANG_WARN_BOOL_CONVERSION = YES;
				CLANG_WARN_COMMA = YES;
				CLANG_WARN_CONSTANT_CONVERSION = YES;
				CLANG_WARN_DEPRECATED_OBJC_IMPLEMENTATIONS = YES;
				CLANG_WARN_DIRECT_OBJC_ISA_USAGE = YES_ERROR;
				CLANG_WARN_DOCUMENTATION_COMMENTS = YES;
				CLANG_WARN_EMPTY_BODY = YES;
				CLANG_WARN_ENUM_CONVERSION = YES;
				CLANG_WARN_INFINITE_RECURSION = YES;
				CLANG_WARN_INT_CONVERSION = YES;
				CLANG_WARN_NON_LITERAL_NULL_CONVERSION = YES;
				CLANG_WARN_OBJC_IMPLICIT_RETAIN_SELF = YES;
				CLANG_WARN_OBJC_LITERAL_CONVERSION = YES;
				CLANG_WARN_OBJC_ROOT_CLASS = YES_ERROR;
				CLANG_WARN_QUOTED_INCLUDE_IN_FRAMEWORK_HEADER = YES;
				CLANG_WARN_RANGE_LOOP_ANALYSIS = YES;
				CLANG_WARN_STRICT_PROTOTYPES = YES;
				CLANG_WARN_SUSPICIOUS_MOVE = YES;
				CLANG_WARN_UNGUARDED_AVAILABILITY = YES_AGGRESSIVE;
				CLANG_WARN_UNREACHABLE_CODE = YES;
				CLANG_WARN__DUPLICATE_METHOD_MATCH = YES;
				COPY_PHASE_STRIP = NO;
				DEBUG_INFORMATION_FORMAT = dwarf;
				ENABLE_STRICT_OBJC_MSGSEND = YES;
				ENABLE_TESTABILITY = YES;
				GCC_C_LANGUAGE_STANDARD = gnu11;
				GCC_DYNAMIC_NO_PIC = NO;
				GCC_NO_COMMON_BLOCKS = YES;
				GCC_OPTIMIZATION_LEVEL = 0;
				GCC_PREPROCESSOR_DEFINITIONS = (
					"DEBUG=1",
					"$(inherited)",
				);
				GCC_WARN_64_TO_32_BIT_CONVERSION = YES;
				GCC_WARN_ABOUT_RETURN_TYPE = YES_ERROR;
				GCC_WARN_UNDECLARED_SELECTOR = YES;
				GCC_WARN_UNINITIALIZED_AUTOS = YES_AGGRESSIVE;
				GCC_WARN_UNUSED_FUNCTION = YES;
				GCC_WARN_UNUSED_VARIABLE = YES;
				MACOSX_DEPLOYMENT_TARGET = 13.3;
				MTL_ENABLE_DEBUG_INFO = INCLUDE_SOURCE;
				MTL_FAST_MATH = YES;
				ONLY_ACTIVE_ARCH = YES;
				SDKROOT = macosx;
				SWIFT_ACTIVE_COMPILATION_CONDITIONS = DEBUG;
				SWIFT_OPTIMIZATION_LEVEL = "-Onone";
			};
			name = Debug;
		};
		4997DA4C2A3C3B6300A377A9 /* Release */ = {
			isa = XCBuildConfiguration;
			buildSettings = {
				ALWAYS_SEARCH_USER_PATHS = NO;
				CLANG_ANALYZER_NONNULL = YES;
				CLANG_ANALYZER_NUMBER_OBJECT_CONVERSION = YES_AGGRESSIVE;
				CLANG_CXX_LANGUAGE_STANDARD = "gnu++20";
				CLANG_ENABLE_MODULES = YES;
				CLANG_ENABLE_OBJC_ARC = YES;
				CLANG_ENABLE_OBJC_WEAK = YES;
				CLANG_WARN_BLOCK_CAPTURE_AUTORELEASING = YES;
				CLANG_WARN_BOOL_CONVERSION = YES;
				CLANG_WARN_COMMA = YES;
				CLANG_WARN_CONSTANT_CONVERSION = YES;
				CLANG_WARN_DEPRECATED_OBJC_IMPLEMENTATIONS = YES;
				CLANG_WARN_DIRECT_OBJC_ISA_USAGE = YES_ERROR;
				CLANG_WARN_DOCUMENTATION_COMMENTS = YES;
				CLANG_WARN_EMPTY_BODY = YES;
				CLANG_WARN_ENUM_CONVERSION = YES;
				CLANG_WARN_INFINITE_RECURSION = YES;
				CLANG_WARN_INT_CONVERSION = YES;
				CLANG_WARN_NON_LITERAL_NULL_CONVERSION = YES;
				CLANG_WARN_OBJC_IMPLICIT_RETAIN_SELF = YES;
				CLANG_WARN_OBJC_LITERAL_CONVERSION = YES;
				CLANG_WARN_OBJC_ROOT_CLASS = YES_ERROR;
				CLANG_WARN_QUOTED_INCLUDE_IN_FRAMEWORK_HEADER = YES;
				CLANG_WARN_RANGE_LOOP_ANALYSIS = YES;
				CLANG_WARN_STRICT_PROTOTYPES = YES;
				CLANG_WARN_SUSPICIOUS_MOVE = YES;
				CLANG_WARN_UNGUARDED_AVAILABILITY = YES_AGGRESSIVE;
				CLANG_WARN_UNREACHABLE_CODE = YES;
				CLANG_WARN__DUPLICATE_METHOD_MATCH = YES;
				COPY_PHASE_STRIP = NO;
				DEBUG_INFORMATION_FORMAT = "dwarf-with-dsym";
				ENABLE_NS_ASSERTIONS = NO;
				ENABLE_STRICT_OBJC_MSGSEND = YES;
				GCC_C_LANGUAGE_STANDARD = gnu11;
				GCC_NO_COMMON_BLOCKS = YES;
				GCC_WARN_64_TO_32_BIT_CONVERSION = YES;
				GCC_WARN_ABOUT_RETURN_TYPE = YES_ERROR;
				GCC_WARN_UNDECLARED_SELECTOR = YES;
				GCC_WARN_UNINITIALIZED_AUTOS = YES_AGGRESSIVE;
				GCC_WARN_UNUSED_FUNCTION = YES;
				GCC_WARN_UNUSED_VARIABLE = YES;
				MACOSX_DEPLOYMENT_TARGET = 13.3;
				MTL_ENABLE_DEBUG_INFO = NO;
				MTL_FAST_MATH = YES;
				SDKROOT = macosx;
				SWIFT_COMPILATION_MODE = wholemodule;
				SWIFT_OPTIMIZATION_LEVEL = "-O";
			};
			name = Release;
		};
		4997DA4E2A3C3B6300A377A9 /* Debug */ = {
			isa = XCBuildConfiguration;
			buildSettings = {
				ASSETCATALOG_COMPILER_APPICON_NAME = AppIcon;
				ASSETCATALOG_COMPILER_GLOBAL_ACCENT_COLOR_NAME = AccentColor;
				CODE_SIGN_ENTITLEMENTS = NethersTrap/NethersTrap.entitlements;
				CODE_SIGN_STYLE = Automatic;
				COMBINE_HIDPI_IMAGES = YES;
				CURRENT_PROJECT_VERSION = 1;
				DEVELOPMENT_TEAM = SW8Q2MFZT8;
				ENABLE_HARDENED_RUNTIME = YES;
				GENERATE_INFOPLIST_FILE = YES;
				INFOPLIST_FILE = NethersTrap/Info.plist;
				INFOPLIST_KEY_NSHumanReadableCopyright = "";
				INFOPLIST_KEY_NSMainStoryboardFile = Main;
				INFOPLIST_KEY_NSPrincipalClass = NSApplication;
				LD_RUNPATH_SEARCH_PATHS = (
					"$(inherited)",
					"@executable_path/../Frameworks",
				);
				MARKETING_VERSION = 1.0;
				PRODUCT_BUNDLE_IDENTIFIER = com.dev.2.mini.degoat.NethersTrap;
				PRODUCT_NAME = "$(TARGET_NAME)";
				SWIFT_EMIT_LOC_STRINGS = YES;
				SWIFT_VERSION = 5.0;
			};
			name = Debug;
		};
		4997DA4F2A3C3B6300A377A9 /* Release */ = {
			isa = XCBuildConfiguration;
			buildSettings = {
				ASSETCATALOG_COMPILER_APPICON_NAME = AppIcon;
				ASSETCATALOG_COMPILER_GLOBAL_ACCENT_COLOR_NAME = AccentColor;
				CODE_SIGN_ENTITLEMENTS = NethersTrap/NethersTrap.entitlements;
				CODE_SIGN_STYLE = Automatic;
				COMBINE_HIDPI_IMAGES = YES;
				CURRENT_PROJECT_VERSION = 1;
				DEVELOPMENT_TEAM = SW8Q2MFZT8;
				ENABLE_HARDENED_RUNTIME = YES;
				GENERATE_INFOPLIST_FILE = YES;
				INFOPLIST_FILE = NethersTrap/Info.plist;
				INFOPLIST_KEY_NSHumanReadableCopyright = "";
				INFOPLIST_KEY_NSMainStoryboardFile = Main;
				INFOPLIST_KEY_NSPrincipalClass = NSApplication;
				LD_RUNPATH_SEARCH_PATHS = (
					"$(inherited)",
					"@executable_path/../Frameworks",
				);
				MARKETING_VERSION = 1.0;
				PRODUCT_BUNDLE_IDENTIFIER = com.dev.2.mini.degoat.NethersTrap;
				PRODUCT_NAME = "$(TARGET_NAME)";
				SWIFT_EMIT_LOC_STRINGS = YES;
				SWIFT_VERSION = 5.0;
			};
			name = Release;
		};
/* End XCBuildConfiguration section */

/* Begin XCConfigurationList section */
		4997DA332A3C3B6200A377A9 /* Build configuration list for PBXProject "NethersTrap" */ = {
			isa = XCConfigurationList;
			buildConfigurations = (
				4997DA4B2A3C3B6300A377A9 /* Debug */,
				4997DA4C2A3C3B6300A377A9 /* Release */,
			);
			defaultConfigurationIsVisible = 0;
			defaultConfigurationName = Release;
		};
		4997DA4D2A3C3B6300A377A9 /* Build configuration list for PBXNativeTarget "NethersTrap" */ = {
			isa = XCConfigurationList;
			buildConfigurations = (
				4997DA4E2A3C3B6300A377A9 /* Debug */,
				4997DA4F2A3C3B6300A377A9 /* Release */,
			);
			defaultConfigurationIsVisible = 0;
			defaultConfigurationName = Release;
		};
/* End XCConfigurationList section */
	};
	rootObject = 4997DA302A3C3B6200A377A9 /* Project object */;
}
